{
  "name": "ttpfx-robat",
  "version": "1.0.0",
  "lockfileVersion": 1,
  "requires": true,
  "dependencies": {
    "jsbn": {
      "version": "1.1.0",
      "resolved": "https://registry.npmmirror.com/jsbn/-/jsbn-1.1.0.tgz",
      "integrity": "sha512-4bYVV3aAMtDTTu4+xsDYa6sy9GyJ69/amsu9sYF2zqjiEoZA5xJi3BrfX3uY+/IekIu7MwdObdbDWpoZdBv3/A=="
    },
    "miniprogram-sm-crypto": {
      "version": "0.3.12",
      "resolved": "https://registry.npmmirror.com/miniprogram-sm-crypto/-/miniprogram-sm-crypto-0.3.12.tgz",
      "integrity": "sha512-/Wani+gluE8mD3Q+6VeHTjooLD+mS0lo6kS9FIS3XSCh2m8z446sXrFtmENN6pJgh7iB2YJTyFiXgBihNt2/yw==",
      "requires": {
        "jsbn": "^1.1.0"
      }
    },
    "weui-miniprogram": {
      "version": "1.2.7",
      "resolved": "https://registry.npmmirror.com/weui-miniprogram/-/weui-miniprogram-1.2.7.tgz",
      "integrity": "sha512-KuoMzfwqw8x0jdURJc3NnsHziNOw11e6EJsW4mkROIH6QQjorMEhwAxj6aFZuPRnGZLFFFIz2TATxlUYxqoh0Q=="
    }
  }
}
